
Microsoft Visual Studio Solution File, Format Version 12.00
# Visual Studio Version 17
VisualStudioVersion = 17.0.32112.339
MinimumVisualStudioVersion = 10.0.40219.1
Project("{FAE04EC0-301F-11D3-BF4B-00C04F79EFBC}") = "Twitch-Spediteur", "Twitch-Spediteur\Twitch-Spediteur.csproj", "{78C28D28-8B7D-4AC8-AA26-6DBB33A344E0}"
EndProject
Global
	GlobalSection(SolutionConfigurationPlatforms) = preSolution
		Debug|Any CPU = Debug|Any CPU
		Release|Any CPU = Release|Any CPU
	EndGlobalSection
	GlobalSection(ProjectConfigurationPlatforms) = postSolution
		{78C28D28-8B7D-4AC8-AA26-6DBB33A344E0}.Debug|Any CPU.ActiveCfg = Debug|Any CPU
		{78C28D28-8B7D-4AC8-AA26-6DBB33A344E0}.Debug|Any CPU.Build.0 = Debug|Any CPU
		{78C28D28-8B7D-4AC8-AA26-6DBB33A344E0}.Release|Any CPU.ActiveCfg = Release|Any CPU
		{78C28D28-8B7D-4AC8-AA26-6DBB33A344E0}.Release|Any CPU.Build.0 = Release|Any CPU
	EndGlobalSection
	GlobalSection(SolutionProperties) = preSolution
		HideSolutionNode = FALSE
	EndGlobalSection
	GlobalSection(ExtensibilityGlobals) = postSolution
		SolutionGuid = {0ED1C356-B08B-427D-84E5-36E00372E151}
	EndGlobalSection
EndGlobal
